
Microsoft Visual Studio Solution File, Format Version 12.00
# Visual Studio Version 16
VisualStudioVersion = 16.0.31702.278
MinimumVisualStudioVersion = 10.0.40219.1
Project("{FAE04EC0-301F-11D3-BF4B-00C04F79EFBC}") = "AuctionHouse", "AuctionHouse\AuctionHouse.csproj", "{0FF9C3A1-95C2-44DF-B649-F2BD790F75BA}"
EndProject
Global
	GlobalSection(SolutionConfigurationPlatforms) = preSolution
		Debug|Any CPU = Debug|Any CPU
		Release|Any CPU = Release|Any CPU
	EndGlobalSection
	GlobalSection(ProjectConfigurationPlatforms) = postSolution
		{0FF9C3A1-95C2-44DF-B649-F2BD790F75BA}.Debug|Any CPU.ActiveCfg = Debug|Any CPU
		{0FF9C3A1-95C2-44DF-B649-F2BD790F75BA}.Debug|Any CPU.Build.0 = Debug|Any CPU
		{0FF9C3A1-95C2-44DF-B649-F2BD790F75BA}.Release|Any CPU.ActiveCfg = Release|Any CPU
		{0FF9C3A1-95C2-44DF-B649-F2BD790F75BA}.Release|Any CPU.Build.0 = Release|Any CPU
	EndGlobalSection
	GlobalSection(SolutionProperties) = preSolution
		HideSolutionNode = FALSE
	EndGlobalSection
	GlobalSection(ExtensibilityGlobals) = postSolution
		SolutionGuid = {BA1E3D90-881E-4BCD-B4C9-6CF38BAB0D28}
	EndGlobalSection
EndGlobal
